{
  "name": "middway项目学习",
  "lockfileVersion": 2,
  "requires": true,
  "packages": {
    "": {
      "dependencies": {
        "@midwayjs/swagger": "^3.11.15"
      }
    },
    "node_modules/@midwayjs/swagger": {
      "version": "3.11.15",
      "resolved": "https://registry.npmmirror.com/@midwayjs/swagger/-/swagger-3.11.15.tgz",
      "integrity": "sha512-yMJ2LcSQLCEbUThHfgEQWp9bv+bWChwMwB0e1YnXJXlDdV192+57caj3g1+sz5AFSjXCmLXVkXuk0ku5kewypw=="
    }
  },
  "dependencies": {
    "@midwayjs/swagger": {
      "version": "3.11.15",
      "resolved": "https://registry.npmmirror.com/@midwayjs/swagger/-/swagger-3.11.15.tgz",
      "integrity": "sha512-yMJ2LcSQLCEbUThHfgEQWp9bv+bWChwMwB0e1YnXJXlDdV192+57caj3g1+sz5AFSjXCmLXVkXuk0ku5kewypw=="
    }
  }
}
